
Microsoft Visual Studio Solution File, Format Version 12.00
# Visual Studio Version 16
VisualStudioVersion = 16.0.30907.101
MinimumVisualStudioVersion = 10.0.40219.1
Project("{FAE04EC0-301F-11D3-BF4B-00C04F79EFBC}") = "DAL", "DAL\DAL.csproj", "{0AE5CED1-9B5B-48EF-A736-8E3219E5CFBB}"
EndProject
Project("{FAE04EC0-301F-11D3-BF4B-00C04F79EFBC}") = "BAL", "BAL\BAL.csproj", "{1456F6F6-0CCB-474E-BA46-F62D8E6C8069}"
EndProject
Project("{FAE04EC0-301F-11D3-BF4B-00C04F79EFBC}") = "Model", "Model\Model.csproj", "{C963AFF9-7722-4B26-80DB-D2694D141B0E}"
EndProject
Project("{FAE04EC0-301F-11D3-BF4B-00C04F79EFBC}") = "CruiseLinePassenger", "CruiseLinePassenger\CruiseLinePassenger.csproj", "{095CDFCA-D711-40A1-ADAC-28F79BFEC4A4}"
EndProject
Project("{FAE04EC0-301F-11D3-BF4B-00C04F79EFBC}") = "CruiseLinePassenger.Tests", "CruiseLinePassenger.Tests\CruiseLinePassenger.Tests.csproj", "{2D7B2929-3980-4E8A-933F-03CF96905559}"
EndProject
Global
	GlobalSection(SolutionConfigurationPlatforms) = preSolution
		Debug|Any CPU = Debug|Any CPU
		Release|Any CPU = Release|Any CPU
	EndGlobalSection
	GlobalSection(ProjectConfigurationPlatforms) = postSolution
		{0AE5CED1-9B5B-48EF-A736-8E3219E5CFBB}.Debug|Any CPU.ActiveCfg = Debug|Any CPU
		{0AE5CED1-9B5B-48EF-A736-8E3219E5CFBB}.Debug|Any CPU.Build.0 = Debug|Any CPU
		{0AE5CED1-9B5B-48EF-A736-8E3219E5CFBB}.Release|Any CPU.ActiveCfg = Release|Any CPU
		{0AE5CED1-9B5B-48EF-A736-8E3219E5CFBB}.Release|Any CPU.Build.0 = Release|Any CPU
		{1456F6F6-0CCB-474E-BA46-F62D8E6C8069}.Debug|Any CPU.ActiveCfg = Debug|Any CPU
		{1456F6F6-0CCB-474E-BA46-F62D8E6C8069}.Debug|Any CPU.Build.0 = Debug|Any CPU
		{1456F6F6-0CCB-474E-BA46-F62D8E6C8069}.Release|Any CPU.ActiveCfg = Release|Any CPU
		{1456F6F6-0CCB-474E-BA46-F62D8E6C8069}.Release|Any CPU.Build.0 = Release|Any CPU
		{C963AFF9-7722-4B26-80DB-D2694D141B0E}.Debug|Any CPU.ActiveCfg = Debug|Any CPU
		{C963AFF9-7722-4B26-80DB-D2694D141B0E}.Debug|Any CPU.Build.0 = Debug|Any CPU
		{C963AFF9-7722-4B26-80DB-D2694D141B0E}.Release|Any CPU.ActiveCfg = Release|Any CPU
		{C963AFF9-7722-4B26-80DB-D2694D141B0E}.Release|Any CPU.Build.0 = Release|Any CPU
		{095CDFCA-D711-40A1-ADAC-28F79BFEC4A4}.Debug|Any CPU.ActiveCfg = Debug|Any CPU
		{095CDFCA-D711-40A1-ADAC-28F79BFEC4A4}.Debug|Any CPU.Build.0 = Debug|Any CPU
		{095CDFCA-D711-40A1-ADAC-28F79BFEC4A4}.Release|Any CPU.ActiveCfg = Release|Any CPU
		{095CDFCA-D711-40A1-ADAC-28F79BFEC4A4}.Release|Any CPU.Build.0 = Release|Any CPU
		{2D7B2929-3980-4E8A-933F-03CF96905559}.Debug|Any CPU.ActiveCfg = Debug|Any CPU
		{2D7B2929-3980-4E8A-933F-03CF96905559}.Debug|Any CPU.Build.0 = Debug|Any CPU
		{2D7B2929-3980-4E8A-933F-03CF96905559}.Release|Any CPU.ActiveCfg = Release|Any CPU
		{2D7B2929-3980-4E8A-933F-03CF96905559}.Release|Any CPU.Build.0 = Release|Any CPU
	EndGlobalSection
	GlobalSection(SolutionProperties) = preSolution
		HideSolutionNode = FALSE
	EndGlobalSection
	GlobalSection(ExtensibilityGlobals) = postSolution
		SolutionGuid = {3C53004B-0C19-46BD-A8F5-8848BBBC52DE}
	EndGlobalSection
EndGlobal
